// !$*UTF8*$!
{
	archiveVersion = 1;
	classes = {
	};
	objectVersion = 56;
	objects = {

/* Begin PBXBuildFile section */
		363EBA452ABC7906004AF499 /* ForgotPasswordVC.swift in Sources */ = {isa = PBXBuildFile; fileRef = 363EBA442ABC7906004AF499 /* ForgotPasswordVC.swift */; };
		363EBA472ABC7917004AF499 /* ForgotPasswordVC.storyboard in Resources */ = {isa = PBXBuildFile; fileRef = 363EBA462ABC7917004AF499 /* ForgotPasswordVC.storyboard */; };
		363EBA492ABC7A3A004AF499 /* HomeVC.swift in Sources */ = {isa = PBXBuildFile; fileRef = 363EBA482ABC7A3A004AF499 /* HomeVC.swift */; };
		363EBA4E2ABC7B23004AF499 /* UIView+Ext.swift in Sources */ = {isa = PBXBuildFile; fileRef = 363EBA4D2ABC7B23004AF499 /* UIView+Ext.swift */; };
		363EBA502ABC7D99004AF499 /* UITextField+Ext.swift in Sources */ = {isa = PBXBuildFile; fileRef = 363EBA4F2ABC7D99004AF499 /* UITextField+Ext.swift */; };
		363EBA532ABC7E5C004AF499 /* Constants.swift in Sources */ = {isa = PBXBuildFile; fileRef = 363EBA522ABC7E5C004AF499 /* Constants.swift */; };
		363EBA552ABC80F7004AF499 /* UIButton+Ext.swift in Sources */ = {isa = PBXBuildFile; fileRef = 363EBA542ABC80F7004AF499 /* UIButton+Ext.swift */; };
		363EBA572ABCA9C2004AF499 /* HomeVC.storyboard in Resources */ = {isa = PBXBuildFile; fileRef = 363EBA562ABCA9C2004AF499 /* HomeVC.storyboard */; };
		363EBA5D2ABCB24F004AF499 /* HomeCollectionViewCell.swift in Sources */ = {isa = PBXBuildFile; fileRef = 363EBA5B2ABCB24F004AF499 /* HomeCollectionViewCell.swift */; };
		363EBA5E2ABCB24F004AF499 /* HomeCollectionViewCell.xib in Resources */ = {isa = PBXBuildFile; fileRef = 363EBA5C2ABCB24F004AF499 /* HomeCollectionViewCell.xib */; };
		363EBA692ABCEE68004AF499 /* Places.swift in Sources */ = {isa = PBXBuildFile; fileRef = 363EBA682ABCEE68004AF499 /* Places.swift */; };
		367458BC2A965AB9008E77D8 /* AppDelegate.swift in Sources */ = {isa = PBXBuildFile; fileRef = 367458BB2A965AB9008E77D8 /* AppDelegate.swift */; };
		367458BE2A965AB9008E77D8 /* SceneDelegate.swift in Sources */ = {isa = PBXBuildFile; fileRef = 367458BD2A965AB9008E77D8 /* SceneDelegate.swift */; };
		367458C02A965AB9008E77D8 /* LoginVC.swift in Sources */ = {isa = PBXBuildFile; fileRef = 367458BF2A965AB9008E77D8 /* LoginVC.swift */; };
		367458C32A965AB9008E77D8 /* Main.storyboard in Resources */ = {isa = PBXBuildFile; fileRef = 367458C12A965AB9008E77D8 /* Main.storyboard */; };
		367458C52A965ABA008E77D8 /* Assets.xcassets in Resources */ = {isa = PBXBuildFile; fileRef = 367458C42A965ABA008E77D8 /* Assets.xcassets */; };
		367458C82A965ABA008E77D8 /* LaunchScreen.storyboard in Resources */ = {isa = PBXBuildFile; fileRef = 367458C62A965ABA008E77D8 /* LaunchScreen.storyboard */; };
		D63023972ABBCBE6001092C1 /* RegisterVC.storyboard in Resources */ = {isa = PBXBuildFile; fileRef = D63023962ABBCBE6001092C1 /* RegisterVC.storyboard */; };
		D63023992ABBCC13001092C1 /* RegisterVC.swift in Sources */ = {isa = PBXBuildFile; fileRef = D63023982ABBCC13001092C1 /* RegisterVC.swift */; };
		D92187522ACDDB1B00C66A2B /* ProfileViewController.storyboard in Resources */ = {isa = PBXBuildFile; fileRef = D92187512ACDDB1B00C66A2B /* ProfileViewController.storyboard */; };
		D92187542ACDDB3300C66A2B /* ProfileViewController.swift in Sources */ = {isa = PBXBuildFile; fileRef = D92187532ACDDB3300C66A2B /* ProfileViewController.swift */; };
		D92187582ACE483700C66A2B /* BudgetViewController.storyboard in Resources */ = {isa = PBXBuildFile; fileRef = D92187572ACE483700C66A2B /* BudgetViewController.storyboard */; };
		D921875A2ACE484D00C66A2B /* BudgetViewController.swift in Sources */ = {isa = PBXBuildFile; fileRef = D92187592ACE484D00C66A2B /* BudgetViewController.swift */; };
/* End PBXBuildFile section */

/* Begin PBXFileReference section */
		363EBA442ABC7906004AF499 /* ForgotPasswordVC.swift */ = {isa = PBXFileReference; lastKnownFileType = sourcecode.swift; path = ForgotPasswordVC.swift; sourceTree = "<group>"; };
		363EBA462ABC7917004AF499 /* ForgotPasswordVC.storyboard */ = {isa = PBXFileReference; lastKnownFileType = file.storyboard; path = ForgotPasswordVC.storyboard; sourceTree = "<group>"; };
		363EBA482ABC7A3A004AF499 /* HomeVC.swift */ = {isa = PBXFileReference; lastKnownFileType = sourcecode.swift; path = HomeVC.swift; sourceTree = "<group>"; };
		363EBA4D2ABC7B23004AF499 /* UIView+Ext.swift */ = {isa = PBXFileReference; lastKnownFileType = sourcecode.swift; path = "UIView+Ext.swift"; sourceTree = "<group>"; };
		363EBA4F2ABC7D99004AF499 /* UITextField+Ext.swift */ = {isa = PBXFileReference; lastKnownFileType = sourcecode.swift; path = "UITextField+Ext.swift"; sourceTree = "<group>"; };
		363EBA522ABC7E5C004AF499 /* Constants.swift */ = {isa = PBXFileReference; lastKnownFileType = sourcecode.swift; path = Constants.swift; sourceTree = "<group>"; };
		363EBA542ABC80F7004AF499 /* UIButton+Ext.swift */ = {isa = PBXFileReference; lastKnownFileType = sourcecode.swift; path = "UIButton+Ext.swift"; sourceTree = "<group>"; };
		363EBA562ABCA9C2004AF499 /* HomeVC.storyboard */ = {isa = PBXFileReference; lastKnownFileType = file.storyboard; path = HomeVC.storyboard; sourceTree = "<group>"; };
		363EBA5B2ABCB24F004AF499 /* HomeCollectionViewCell.swift */ = {isa = PBXFileReference; lastKnownFileType = sourcecode.swift; path = HomeCollectionViewCell.swift; sourceTree = "<group>"; };
		363EBA5C2ABCB24F004AF499 /* HomeCollectionViewCell.xib */ = {isa = PBXFileReference; lastKnownFileType = file.xib; path = HomeCollectionViewCell.xib; sourceTree = "<group>"; };
		363EBA682ABCEE68004AF499 /* Places.swift */ = {isa = PBXFileReference; lastKnownFileType = sourcecode.swift; path = Places.swift; sourceTree = "<group>"; };
		367458B82A965AB9008E77D8 /* borala.app */ = {isa = PBXFileReference; explicitFileType = wrapper.application; includeInIndex = 0; path = borala.app; sourceTree = BUILT_PRODUCTS_DIR; };
		367458BB2A965AB9008E77D8 /* AppDelegate.swift */ = {isa = PBXFileReference; lastKnownFileType = sourcecode.swift; path = AppDelegate.swift; sourceTree = "<group>"; };
		367458BD2A965AB9008E77D8 /* SceneDelegate.swift */ = {isa = PBXFileReference; lastKnownFileType = sourcecode.swift; path = SceneDelegate.swift; sourceTree = "<group>"; };
		367458BF2A965AB9008E77D8 /* LoginVC.swift */ = {isa = PBXFileReference; lastKnownFileType = sourcecode.swift; path = LoginVC.swift; sourceTree = "<group>"; };
		367458C22A965AB9008E77D8 /* Base */ = {isa = PBXFileReference; lastKnownFileType = file.storyboard; name = Base; path = Base.lproj/Main.storyboard; sourceTree = "<group>"; };
		367458C42A965ABA008E77D8 /* Assets.xcassets */ = {isa = PBXFileReference; lastKnownFileType = folder.assetcatalog; path = Assets.xcassets; sourceTree = "<group>"; };
		367458C72A965ABA008E77D8 /* Base */ = {isa = PBXFileReference; lastKnownFileType = file.storyboard; name = Base; path = Base.lproj/LaunchScreen.storyboard; sourceTree = "<group>"; };
		367458C92A965ABA008E77D8 /* Info.plist */ = {isa = PBXFileReference; lastKnownFileType = text.plist.xml; path = Info.plist; sourceTree = "<group>"; };
		D63023962ABBCBE6001092C1 /* RegisterVC.storyboard */ = {isa = PBXFileReference; lastKnownFileType = file.storyboard; path = RegisterVC.storyboard; sourceTree = "<group>"; };
		D63023982ABBCC13001092C1 /* RegisterVC.swift */ = {isa = PBXFileReference; lastKnownFileType = sourcecode.swift; path = RegisterVC.swift; sourceTree = "<group>"; };
		D92187512ACDDB1B00C66A2B /* ProfileViewController.storyboard */ = {isa = PBXFileReference; lastKnownFileType = file.storyboard; path = ProfileViewController.storyboard; sourceTree = "<group>"; };
		D92187532ACDDB3300C66A2B /* ProfileViewController.swift */ = {isa = PBXFileReference; lastKnownFileType = sourcecode.swift; path = ProfileViewController.swift; sourceTree = "<group>"; };
		D92187572ACE483700C66A2B /* BudgetViewController.storyboard */ = {isa = PBXFileReference; lastKnownFileType = file.storyboard; path = BudgetViewController.storyboard; sourceTree = "<group>"; };
		D92187592ACE484D00C66A2B /* BudgetViewController.swift */ = {isa = PBXFileReference; lastKnownFileType = sourcecode.swift; path = BudgetViewController.swift; sourceTree = "<group>"; };
/* End PBXFileReference section */

/* Begin PBXFrameworksBuildPhase section */
		367458B52A965AB9008E77D8 /* Frameworks */ = {
			isa = PBXFrameworksBuildPhase;
			buildActionMask = 2147483647;
			files = (
			);
			runOnlyForDeploymentPostprocessing = 0;
		};
/* End PBXFrameworksBuildPhase section */

/* Begin PBXGroup section */
		360D4BED2AC4C5810089C067 /* Screens */ = {
			isa = PBXGroup;
			children = (
				D63023942ABBC3B0001092C1 /* Login */,
				D63023952ABBC3CC001092C1 /* Register */,
				363EBA432ABC78DF004AF499 /* ForgotPassword */,
				363EBA422ABC788E004AF499 /* Home */,
			);
			path = Screens;
			sourceTree = "<group>";
		};
		363EBA422ABC788E004AF499 /* Home */ = {
			isa = PBXGroup;
			children = (
				363EBA5A2ABCB15E004AF499 /* Cell */,
				363EBA482ABC7A3A004AF499 /* HomeVC.swift */,
				363EBA562ABCA9C2004AF499 /* HomeVC.storyboard */,
			);
			path = Home;
			sourceTree = "<group>";
		};
		363EBA432ABC78DF004AF499 /* ForgotPassword */ = {
			isa = PBXGroup;
			children = (
				363EBA442ABC7906004AF499 /* ForgotPasswordVC.swift */,
				363EBA462ABC7917004AF499 /* ForgotPasswordVC.storyboard */,
			);
			path = ForgotPassword;
			sourceTree = "<group>";
		};
		363EBA4C2ABC7AE5004AF499 /* Extensions */ = {
			isa = PBXGroup;
			children = (
				363EBA4D2ABC7B23004AF499 /* UIView+Ext.swift */,
				363EBA4F2ABC7D99004AF499 /* UITextField+Ext.swift */,
				363EBA542ABC80F7004AF499 /* UIButton+Ext.swift */,
			);
			path = Extensions;
			sourceTree = "<group>";
		};
		363EBA512ABC7E43004AF499 /* Utilities */ = {
			isa = PBXGroup;
			children = (
				363EBA522ABC7E5C004AF499 /* Constants.swift */,
			);
			path = Utilities;
			sourceTree = "<group>";
		};
		363EBA5A2ABCB15E004AF499 /* Cell */ = {
			isa = PBXGroup;
			children = (
				363EBA5B2ABCB24F004AF499 /* HomeCollectionViewCell.swift */,
				363EBA5C2ABCB24F004AF499 /* HomeCollectionViewCell.xib */,
			);
			path = Cell;
			sourceTree = "<group>";
		};
		363EBA672ABCEE5E004AF499 /* Model */ = {
			isa = PBXGroup;
			children = (
				363EBA682ABCEE68004AF499 /* Places.swift */,
			);
			path = Model;
			sourceTree = "<group>";
		};
		367458AF2A965AB9008E77D8 = {
			isa = PBXGroup;
			children = (
				367458BA2A965AB9008E77D8 /* borala */,
				367458B92A965AB9008E77D8 /* Products */,
			);
			sourceTree = "<group>";
		};
		367458B92A965AB9008E77D8 /* Products */ = {
			isa = PBXGroup;
			children = (
				367458B82A965AB9008E77D8 /* borala.app */,
			);
			name = Products;
			sourceTree = "<group>";
		};
		367458BA2A965AB9008E77D8 /* borala */ = {
			isa = PBXGroup;
			children = (
				D92187562ACE47DC00C66A2B /* Budget */,
				D92187502ACDDAEE00C66A2B /* Profile */,
				363EBA672ABCEE5E004AF499 /* Model */,
				363EBA4C2ABC7AE5004AF499 /* Extensions */,
				363EBA512ABC7E43004AF499 /* Utilities */,
				360D4BED2AC4C5810089C067 /* Screens */,
				367458BB2A965AB9008E77D8 /* AppDelegate.swift */,
				367458BD2A965AB9008E77D8 /* SceneDelegate.swift */,
				367458C42A965ABA008E77D8 /* Assets.xcassets */,
				367458C62A965ABA008E77D8 /* LaunchScreen.storyboard */,
				367458C92A965ABA008E77D8 /* Info.plist */,
			);
			path = borala;
			sourceTree = "<group>";
		};
		D63023942ABBC3B0001092C1 /* Login */ = {
			isa = PBXGroup;
			children = (
				367458C12A965AB9008E77D8 /* Main.storyboard */,
				367458BF2A965AB9008E77D8 /* LoginVC.swift */,
			);
			path = Login;
			sourceTree = "<group>";
		};
		D63023952ABBC3CC001092C1 /* Register */ = {
			isa = PBXGroup;
			children = (
				D63023962ABBCBE6001092C1 /* RegisterVC.storyboard */,
				D63023982ABBCC13001092C1 /* RegisterVC.swift */,
			);
			path = Register;
			sourceTree = "<group>";
		};
		D92187502ACDDAEE00C66A2B /* Profile */ = {
			isa = PBXGroup;
			children = (
				D92187512ACDDB1B00C66A2B /* ProfileViewController.storyboard */,
				D92187532ACDDB3300C66A2B /* ProfileViewController.swift */,
			);
			path = Profile;
			sourceTree = "<group>";
		};
		D92187562ACE47DC00C66A2B /* Budget */ = {
			isa = PBXGroup;
			children = (
				D92187572ACE483700C66A2B /* BudgetViewController.storyboard */,
				D92187592ACE484D00C66A2B /* BudgetViewController.swift */,
			);
			path = Budget;
			sourceTree = "<group>";
		};
/* End PBXGroup section */

/* Begin PBXNativeTarget section */
		367458B72A965AB9008E77D8 /* borala */ = {
			isa = PBXNativeTarget;
			buildConfigurationList = 367458CC2A965ABA008E77D8 /* Build configuration list for PBXNativeTarget "borala" */;
			buildPhases = (
				367458B42A965AB9008E77D8 /* Sources */,
				367458B52A965AB9008E77D8 /* Frameworks */,
				367458B62A965AB9008E77D8 /* Resources */,
			);
			buildRules = (
			);
			dependencies = (
			);
			name = borala;
			productName = borala;
			productReference = 367458B82A965AB9008E77D8 /* borala.app */;
			productType = "com.apple.product-type.application";
		};
/* End PBXNativeTarget section */

/* Begin PBXProject section */
		367458B02A965AB9008E77D8 /* Project object */ = {
			isa = PBXProject;
			attributes = {
				BuildIndependentTargetsInParallel = 1;
				LastSwiftUpdateCheck = 1430;
				LastUpgradeCheck = 1430;
				TargetAttributes = {
					367458B72A965AB9008E77D8 = {
						CreatedOnToolsVersion = 14.3.1;
					};
				};
			};
			buildConfigurationList = 367458B32A965AB9008E77D8 /* Build configuration list for PBXProject "borala" */;
			compatibilityVersion = "Xcode 14.0";
			developmentRegion = en;
			hasScannedForEncodings = 0;
			knownRegions = (
				en,
				Base,
			);
			mainGroup = 367458AF2A965AB9008E77D8;
			productRefGroup = 367458B92A965AB9008E77D8 /* Products */;
			projectDirPath = "";
			projectRoot = "";
			targets = (
				367458B72A965AB9008E77D8 /* borala */,
			);
		};
/* End PBXProject section */

/* Begin PBXResourcesBuildPhase section */
		367458B62A965AB9008E77D8 /* Resources */ = {
			isa = PBXResourcesBuildPhase;
			buildActionMask = 2147483647;
			files = (
				367458C82A965ABA008E77D8 /* LaunchScreen.storyboard in Resources */,
				363EBA5E2ABCB24F004AF499 /* HomeCollectionViewCell.xib in Resources */,
				367458C52A965ABA008E77D8 /* Assets.xcassets in Resources */,
				D63023972ABBCBE6001092C1 /* RegisterVC.storyboard in Resources */,
				D92187582ACE483700C66A2B /* BudgetViewController.storyboard in Resources */,
				367458C32A965AB9008E77D8 /* Main.storyboard in Resources */,
				363EBA572ABCA9C2004AF499 /* HomeVC.storyboard in Resources */,
				D92187522ACDDB1B00C66A2B /* ProfileViewController.storyboard in Resources */,
				363EBA472ABC7917004AF499 /* ForgotPasswordVC.storyboard in Resources */,
			);
			runOnlyForDeploymentPostprocessing = 0;
		};
/* End PBXResourcesBuildPhase section */

/* Begin PBXSourcesBuildPhase section */
		367458B42A965AB9008E77D8 /* Sources */ = {
			isa = PBXSourcesBuildPhase;
			buildActionMask = 2147483647;
			files = (
				367458C02A965AB9008E77D8 /* LoginVC.swift in Sources */,
				D63023992ABBCC13001092C1 /* RegisterVC.swift in Sources */,
				367458C02A965AB9008E77D8 /* LoginVC.swift in Sources */,
				363EBA492ABC7A3A004AF499 /* HomeVC.swift in Sources */,
				D92187542ACDDB3300C66A2B /* ProfileViewController.swift in Sources */,
				363EBA552ABC80F7004AF499 /* UIButton+Ext.swift in Sources */,
				363EBA4E2ABC7B23004AF499 /* UIView+Ext.swift in Sources */,
				D921875A2ACE484D00C66A2B /* BudgetViewController.swift in Sources */,
				363EBA502ABC7D99004AF499 /* UITextField+Ext.swift in Sources */,
				363EBA5D2ABCB24F004AF499 /* HomeCollectionViewCell.swift in Sources */,
				367458BC2A965AB9008E77D8 /* AppDelegate.swift in Sources */,
				363EBA452ABC7906004AF499 /* ForgotPasswordVC.swift in Sources */,
				363EBA692ABCEE68004AF499 /* Places.swift in Sources */,
				367458BE2A965AB9008E77D8 /* SceneDelegate.swift in Sources */,
				363EBA532ABC7E5C004AF499 /* Constants.swift in Sources */,
			);
			runOnlyForDeploymentPostprocessing = 0;
		};
/* End PBXSourcesBuildPhase section */

/* Begin PBXVariantGroup section */
		367458C12A965AB9008E77D8 /* Main.storyboard */ = {
			isa = PBXVariantGroup;
			children = (
				367458C22A965AB9008E77D8 /* Base */,
			);
			name = Main.storyboard;
			sourceTree = "<group>";
		};
		367458C62A965ABA008E77D8 /* LaunchScreen.storyboard */ = {
			isa = PBXVariantGroup;
			children = (
				367458C72A965ABA008E77D8 /* Base */,
			);
			name = LaunchScreen.storyboard;
			sourceTree = "<group>";
		};
/* End PBXVariantGroup section */

/* Begin XCBuildConfiguration section */
		367458CA2A965ABA008E77D8 /* Debug */ = {
			isa = XCBuildConfiguration;
			buildSettings = {
				ALWAYS_SEARCH_USER_PATHS = NO;
				CLANG_ANALYZER_NONNULL = YES;
				CLANG_ANALYZER_NUMBER_OBJECT_CONVERSION = YES_AGGRESSIVE;
				CLANG_CXX_LANGUAGE_STANDARD = "gnu++20";
				CLANG_ENABLE_MODULES = YES;
				CLANG_ENABLE_OBJC_ARC = YES;
				CLANG_ENABLE_OBJC_WEAK = YES;
				CLANG_WARN_BLOCK_CAPTURE_AUTORELEASING = YES;
				CLANG_WARN_BOOL_CONVERSION = YES;
				CLANG_WARN_COMMA = YES;
				CLANG_WARN_CONSTANT_CONVERSION = YES;
				CLANG_WARN_DEPRECATED_OBJC_IMPLEMENTATIONS = YES;
				CLANG_WARN_DIRECT_OBJC_ISA_USAGE = YES_ERROR;
				CLANG_WARN_DOCUMENTATION_COMMENTS = YES;
				CLANG_WARN_EMPTY_BODY = YES;
				CLANG_WARN_ENUM_CONVERSION = YES;
				CLANG_WARN_INFINITE_RECURSION = YES;
				CLANG_WARN_INT_CONVERSION = YES;
				CLANG_WARN_NON_LITERAL_NULL_CONVERSION = YES;
				CLANG_WARN_OBJC_IMPLICIT_RETAIN_SELF = YES;
				CLANG_WARN_OBJC_LITERAL_CONVERSION = YES;
				CLANG_WARN_OBJC_ROOT_CLASS = YES_ERROR;
				CLANG_WARN_QUOTED_INCLUDE_IN_FRAMEWORK_HEADER = YES;
				CLANG_WARN_RANGE_LOOP_ANALYSIS = YES;
				CLANG_WARN_STRICT_PROTOTYPES = YES;
				CLANG_WARN_SUSPICIOUS_MOVE = YES;
				CLANG_WARN_UNGUARDED_AVAILABILITY = YES_AGGRESSIVE;
				CLANG_WARN_UNREACHABLE_CODE = YES;
				CLANG_WARN__DUPLICATE_METHOD_MATCH = YES;
				COPY_PHASE_STRIP = NO;
				DEBUG_INFORMATION_FORMAT = dwarf;
				ENABLE_STRICT_OBJC_MSGSEND = YES;
				ENABLE_TESTABILITY = YES;
				GCC_C_LANGUAGE_STANDARD = gnu11;
				GCC_DYNAMIC_NO_PIC = NO;
				GCC_NO_COMMON_BLOCKS = YES;
				GCC_OPTIMIZATION_LEVEL = 0;
				GCC_PREPROCESSOR_DEFINITIONS = (
					"DEBUG=1",
					"$(inherited)",
				);
				GCC_WARN_64_TO_32_BIT_CONVERSION = YES;
				GCC_WARN_ABOUT_RETURN_TYPE = YES_ERROR;
				GCC_WARN_UNDECLARED_SELECTOR = YES;
				GCC_WARN_UNINITIALIZED_AUTOS = YES_AGGRESSIVE;
				GCC_WARN_UNUSED_FUNCTION = YES;
				GCC_WARN_UNUSED_VARIABLE = YES;
				INFOPLIST_KEY_UIMainStoryboardFile = Main;
				IPHONEOS_DEPLOYMENT_TARGET = 16.4;
				MTL_ENABLE_DEBUG_INFO = INCLUDE_SOURCE;
				MTL_FAST_MATH = YES;
				ONLY_ACTIVE_ARCH = YES;
				SDKROOT = iphoneos;
				SWIFT_ACTIVE_COMPILATION_CONDITIONS = DEBUG;
				SWIFT_OPTIMIZATION_LEVEL = "-Onone";
			};
			name = Debug;
		};
		367458CB2A965ABA008E77D8 /* Release */ = {
			isa = XCBuildConfiguration;
			buildSettings = {
				ALWAYS_SEARCH_USER_PATHS = NO;
				CLANG_ANALYZER_NONNULL = YES;
				CLANG_ANALYZER_NUMBER_OBJECT_CONVERSION = YES_AGGRESSIVE;
				CLANG_CXX_LANGUAGE_STANDARD = "gnu++20";
				CLANG_ENABLE_MODULES = YES;
				CLANG_ENABLE_OBJC_ARC = YES;
				CLANG_ENABLE_OBJC_WEAK = YES;
				CLANG_WARN_BLOCK_CAPTURE_AUTORELEASING = YES;
				CLANG_WARN_BOOL_CONVERSION = YES;
				CLANG_WARN_COMMA = YES;
				CLANG_WARN_CONSTANT_CONVERSION = YES;
				CLANG_WARN_DEPRECATED_OBJC_IMPLEMENTATIONS = YES;
				CLANG_WARN_DIRECT_OBJC_ISA_USAGE = YES_ERROR;
				CLANG_WARN_DOCUMENTATION_COMMENTS = YES;
				CLANG_WARN_EMPTY_BODY = YES;
				CLANG_WARN_ENUM_CONVERSION = YES;
				CLANG_WARN_INFINITE_RECURSION = YES;
				CLANG_WARN_INT_CONVERSION = YES;
				CLANG_WARN_NON_LITERAL_NULL_CONVERSION = YES;
				CLANG_WARN_OBJC_IMPLICIT_RETAIN_SELF = YES;
				CLANG_WARN_OBJC_LITERAL_CONVERSION = YES;
				CLANG_WARN_OBJC_ROOT_CLASS = YES_ERROR;
				CLANG_WARN_QUOTED_INCLUDE_IN_FRAMEWORK_HEADER = YES;
				CLANG_WARN_RANGE_LOOP_ANALYSIS = YES;
				CLANG_WARN_STRICT_PROTOTYPES = YES;
				CLANG_WARN_SUSPICIOUS_MOVE = YES;
				CLANG_WARN_UNGUARDED_AVAILABILITY = YES_AGGRESSIVE;
				CLANG_WARN_UNREACHABLE_CODE = YES;
				CLANG_WARN__DUPLICATE_METHOD_MATCH = YES;
				COPY_PHASE_STRIP = NO;
				DEBUG_INFORMATION_FORMAT = "dwarf-with-dsym";
				ENABLE_NS_ASSERTIONS = NO;
				ENABLE_STRICT_OBJC_MSGSEND = YES;
				GCC_C_LANGUAGE_STANDARD = gnu11;
				GCC_NO_COMMON_BLOCKS = YES;
				GCC_WARN_64_TO_32_BIT_CONVERSION = YES;
				GCC_WARN_ABOUT_RETURN_TYPE = YES_ERROR;
				GCC_WARN_UNDECLARED_SELECTOR = YES;
				GCC_WARN_UNINITIALIZED_AUTOS = YES_AGGRESSIVE;
				GCC_WARN_UNUSED_FUNCTION = YES;
				GCC_WARN_UNUSED_VARIABLE = YES;
				INFOPLIST_KEY_UIMainStoryboardFile = Main;
				IPHONEOS_DEPLOYMENT_TARGET = 16.4;
				MTL_ENABLE_DEBUG_INFO = NO;
				MTL_FAST_MATH = YES;
				SDKROOT = iphoneos;
				SWIFT_COMPILATION_MODE = wholemodule;
				SWIFT_OPTIMIZATION_LEVEL = "-O";
				VALIDATE_PRODUCT = YES;
			};
			name = Release;
		};
		367458CD2A965ABA008E77D8 /* Debug */ = {
			isa = XCBuildConfiguration;
			buildSettings = {
				ASSETCATALOG_COMPILER_APPICON_NAME = AppIcon;
				ASSETCATALOG_COMPILER_GLOBAL_ACCENT_COLOR_NAME = AccentColor;
				CODE_SIGN_STYLE = Automatic;
				CURRENT_PROJECT_VERSION = 1;
				DEVELOPMENT_TEAM = TTZ6QG7TT2;
				GENERATE_INFOPLIST_FILE = YES;
				INFOPLIST_FILE = borala/Info.plist;
				INFOPLIST_KEY_UIApplicationSupportsIndirectInputEvents = YES;
				INFOPLIST_KEY_UILaunchStoryboardName = LaunchScreen;
				INFOPLIST_KEY_UIMainStoryboardFile = Main;
				INFOPLIST_KEY_UISupportedInterfaceOrientations_iPad = "UIInterfaceOrientationPortrait UIInterfaceOrientationPortraitUpsideDown UIInterfaceOrientationLandscapeLeft UIInterfaceOrientationLandscapeRight";
				INFOPLIST_KEY_UISupportedInterfaceOrientations_iPhone = "UIInterfaceOrientationPortrait UIInterfaceOrientationLandscapeLeft UIInterfaceOrientationLandscapeRight";
				IPHONEOS_DEPLOYMENT_TARGET = 16.0;
				LD_RUNPATH_SEARCH_PATHS = (
					"$(inherited)",
					"@executable_path/Frameworks",
				);
				MARKETING_VERSION = 1.0;
				PRODUCT_BUNDLE_IDENTIFIER = none.borala;
				PRODUCT_NAME = "$(TARGET_NAME)";
				SUPPORTED_PLATFORMS = "iphoneos iphonesimulator";
				SUPPORTS_MACCATALYST = NO;
				SUPPORTS_MAC_DESIGNED_FOR_IPHONE_IPAD = NO;
				SWIFT_EMIT_LOC_STRINGS = YES;
				SWIFT_VERSION = 5.0;
				TARGETED_DEVICE_FAMILY = 1;
			};
			name = Debug;
		};
		367458CE2A965ABA008E77D8 /* Release */ = {
			isa = XCBuildConfiguration;
			buildSettings = {
				ASSETCATALOG_COMPILER_APPICON_NAME = AppIcon;
				ASSETCATALOG_COMPILER_GLOBAL_ACCENT_COLOR_NAME = AccentColor;
				CODE_SIGN_STYLE = Automatic;
				CURRENT_PROJECT_VERSION = 1;
				DEVELOPMENT_TEAM = TTZ6QG7TT2;
				GENERATE_INFOPLIST_FILE = YES;
				INFOPLIST_FILE = borala/Info.plist;
				INFOPLIST_KEY_UIApplicationSupportsIndirectInputEvents = YES;
				INFOPLIST_KEY_UILaunchStoryboardName = LaunchScreen;
				INFOPLIST_KEY_UIMainStoryboardFile = Main;
				INFOPLIST_KEY_UISupportedInterfaceOrientations_iPad = "UIInterfaceOrientationPortrait UIInterfaceOrientationPortraitUpsideDown UIInterfaceOrientationLandscapeLeft UIInterfaceOrientationLandscapeRight";
				INFOPLIST_KEY_UISupportedInterfaceOrientations_iPhone = "UIInterfaceOrientationPortrait UIInterfaceOrientationLandscapeLeft UIInterfaceOrientationLandscapeRight";
				IPHONEOS_DEPLOYMENT_TARGET = 16.0;
				LD_RUNPATH_SEARCH_PATHS = (
					"$(inherited)",
					"@executable_path/Frameworks",
				);
				MARKETING_VERSION = 1.0;
				PRODUCT_BUNDLE_IDENTIFIER = none.borala;
				PRODUCT_NAME = "$(TARGET_NAME)";
				SUPPORTED_PLATFORMS = "iphoneos iphonesimulator";
				SUPPORTS_MACCATALYST = NO;
				SUPPORTS_MAC_DESIGNED_FOR_IPHONE_IPAD = NO;
				SWIFT_EMIT_LOC_STRINGS = YES;
				SWIFT_VERSION = 5.0;
				TARGETED_DEVICE_FAMILY = 1;
			};
			name = Release;
		};
/* End XCBuildConfiguration section */

/* Begin XCConfigurationList section */
		367458B32A965AB9008E77D8 /* Build configuration list for PBXProject "borala" */ = {
			isa = XCConfigurationList;
			buildConfigurations = (
				367458CA2A965ABA008E77D8 /* Debug */,
				367458CB2A965ABA008E77D8 /* Release */,
			);
			defaultConfigurationIsVisible = 0;
			defaultConfigurationName = Release;
		};
		367458CC2A965ABA008E77D8 /* Build configuration list for PBXNativeTarget "borala" */ = {
			isa = XCConfigurationList;
			buildConfigurations = (
				367458CD2A965ABA008E77D8 /* Debug */,
				367458CE2A965ABA008E77D8 /* Release */,
			);
			defaultConfigurationIsVisible = 0;
			defaultConfigurationName = Release;
		};
/* End XCConfigurationList section */
	};
	rootObject = 367458B02A965AB9008E77D8 /* Project object */;
}
